{
    "version": 3,
    "terraform_version": "0.11.1",
    "serial": 25,
    "lineage": "f116f50d-73a3-4160-8571-f943858eb6ca",
    "modules": [
        {
            "path": [
                "root"
            ],
            "outputs": {},
            "resources": {},
            "depends_on": []
        },
        {
            "path": [
                "root",
                "ec2"
            ],
            "outputs": {
                "ecs-load-balancer-name": {
                    "sensitive": false,
                    "type": "string",
                    "value": "mesh-ecs-load-balancer"
                },
                "ecs-target-group-arn": {
                    "sensitive": false,
                    "type": "string",
                    "value": "arn:aws:elasticloadbalancing:us-west-2:404163140135:targetgroup/mesh-ecs-target-group/beb37c343072ba0a"
                }
            },
            "resources": {
                "aws_alb.ecs-load-balancer": {
                    "type": "aws_alb",
                    "depends_on": [],
                    "primary": {
                        "id": "arn:aws:elasticloadbalancing:us-west-2:404163140135:loadbalancer/app/mesh-ecs-load-balancer/88053a3cbc503091",
                        "attributes": {
                            "access_logs.#": "0",
                            "arn": "arn:aws:elasticloadbalancing:us-west-2:404163140135:loadbalancer/app/mesh-ecs-load-balancer/88053a3cbc503091",
                            "arn_suffix": "app/mesh-ecs-load-balancer/88053a3cbc503091",
                            "dns_name": "mesh-ecs-load-balancer-789626360.us-west-2.elb.amazonaws.com",
                            "enable_deletion_protection": "false",
                            "id": "arn:aws:elasticloadbalancing:us-west-2:404163140135:loadbalancer/app/mesh-ecs-load-balancer/88053a3cbc503091",
                            "idle_timeout": "60",
                            "internal": "false",
                            "ip_address_type": "ipv4",
                            "load_balancer_type": "application",
                            "name": "mesh-ecs-load-balancer",
                            "security_groups.#": "1",
                            "security_groups.2369533208": "sg-28bec454",
                            "subnets.#": "2",
                            "subnets.134345839": "subnet-063d3a60",
                            "subnets.483758240": "subnet-ddb69195",
                            "tags.%": "0",
                            "vpc_id": "vpc-c4eb2fbd",
                            "zone_id": "Z1H1FL5HABSF5"
                        },
                        "meta": {
                            "e2bfb730-ecaa-11e6-8f88-34363bc7c4c0": {
                                "create": 600000000000,
                                "delete": 600000000000,
                                "update": 600000000000
                            }
                        },
                        "tainted": false
                    },
                    "deposed": [],
                    "provider": "provider.aws"
                },
                "aws_alb_listener.alb-listener": {
                    "type": "aws_alb_listener",
                    "depends_on": [
                        "aws_alb.ecs-load-balancer",
                        "aws_alb_target_group.ecs-target_group"
                    ],
                    "primary": {
                        "id": "arn:aws:elasticloadbalancing:us-west-2:404163140135:listener/app/mesh-ecs-load-balancer/88053a3cbc503091/14cbb6cb3f1450ad",
                        "attributes": {
                            "arn": "arn:aws:elasticloadbalancing:us-west-2:404163140135:listener/app/mesh-ecs-load-balancer/88053a3cbc503091/14cbb6cb3f1450ad",
                            "default_action.#": "1",
                            "default_action.0.target_group_arn": "arn:aws:elasticloadbalancing:us-west-2:404163140135:targetgroup/mesh-ecs-target-group/beb37c343072ba0a",
                            "default_action.0.type": "forward",
                            "id": "arn:aws:elasticloadbalancing:us-west-2:404163140135:listener/app/mesh-ecs-load-balancer/88053a3cbc503091/14cbb6cb3f1450ad",
                            "load_balancer_arn": "arn:aws:elasticloadbalancing:us-west-2:404163140135:loadbalancer/app/mesh-ecs-load-balancer/88053a3cbc503091",
                            "port": "80",
                            "protocol": "HTTP",
                            "ssl_policy": ""
                        },
                        "meta": {},
                        "tainted": false
                    },
                    "deposed": [],
                    "provider": "provider.aws"
                },
                "aws_alb_target_group.ecs-target_group": {
                    "type": "aws_alb_target_group",
                    "depends_on": [],
                    "primary": {
                        "id": "arn:aws:elasticloadbalancing:us-west-2:404163140135:targetgroup/mesh-ecs-target-group/beb37c343072ba0a",
                        "attributes": {
                            "arn": "arn:aws:elasticloadbalancing:us-west-2:404163140135:targetgroup/mesh-ecs-target-group/beb37c343072ba0a",
                            "arn_suffix": "targetgroup/mesh-ecs-target-group/beb37c343072ba0a",
                            "deregistration_delay": "300",
                            "health_check.#": "1",
                            "health_check.0.healthy_threshold": "5",
                            "health_check.0.interval": "30",
                            "health_check.0.matcher": "200",
                            "health_check.0.path": "/",
                            "health_check.0.port": "traffic-port",
                            "health_check.0.protocol": "HTTP",
                            "health_check.0.timeout": "5",
                            "health_check.0.unhealthy_threshold": "2",
                            "id": "arn:aws:elasticloadbalancing:us-west-2:404163140135:targetgroup/mesh-ecs-target-group/beb37c343072ba0a",
                            "name": "mesh-ecs-target-group",
                            "port": "80",
                            "protocol": "HTTP",
                            "stickiness.#": "1",
                            "stickiness.0.cookie_duration": "86400",
                            "stickiness.0.enabled": "false",
                            "stickiness.0.type": "lb_cookie",
                            "tags.%": "0",
                            "target_type": "instance",
                            "vpc_id": "vpc-c4eb2fbd"
                        },
                        "meta": {},
                        "tainted": false
                    },
                    "deposed": [],
                    "provider": "provider.aws"
                },
                "aws_autoscaling_group.ecs-autoscaling-group": {
                    "type": "aws_autoscaling_group",
                    "depends_on": [
                        "aws_launch_configuration.ecs-launch-configuration"
                    ],
                    "primary": {
                        "id": "mesh-ecs-asg",
                        "attributes": {
                            "arn": "arn:aws:autoscaling:us-west-2:404163140135:autoScalingGroup:39449d27-c348-4381-b909-23478614fba3:autoScalingGroupName/mesh-ecs-asg",
                            "availability_zones.#": "2",
                            "availability_zones.221770259": "us-west-2b",
                            "availability_zones.2487133097": "us-west-2a",
                            "default_cooldown": "300",
                            "desired_capacity": "3",
                            "force_delete": "false",
                            "health_check_grace_period": "300",
                            "health_check_type": "ELB",
                            "id": "mesh-ecs-asg",
                            "launch_configuration": "mesh-ecs-launch-configuration",
                            "load_balancers.#": "0",
                            "max_size": "5",
                            "metrics_granularity": "1Minute",
                            "min_size": "2",
                            "name": "mesh-ecs-asg",
                            "placement_group": "",
                            "protect_from_scale_in": "false",
                            "suspended_processes.#": "0",
                            "tag.#": "0",
                            "target_group_arns.#": "0",
                            "termination_policies.#": "0",
                            "vpc_zone_identifier.#": "2",
                            "vpc_zone_identifier.134345839": "subnet-063d3a60",
                            "vpc_zone_identifier.483758240": "subnet-ddb69195",
                            "wait_for_capacity_timeout": "10m"
                        },
                        "meta": {
                            "e2bfb730-ecaa-11e6-8f88-34363bc7c4c0": {
                                "delete": 600000000000
                            }
                        },
                        "tainted": false
                    },
                    "deposed": [],
                    "provider": "provider.aws"
                },
                "aws_launch_configuration.ecs-launch-configuration": {
                    "type": "aws_launch_configuration",
                    "depends_on": [
                        "data.template_file.ecs-launch-configuration-user-data"
                    ],
                    "primary": {
                        "id": "mesh-ecs-launch-configuration",
                        "attributes": {
                            "associate_public_ip_address": "true",
                            "ebs_block_device.#": "0",
                            "ebs_optimized": "false",
                            "enable_monitoring": "true",
                            "ephemeral_block_device.#": "0",
                            "iam_instance_profile": "ecs-instance-profile",
                            "id": "mesh-ecs-launch-configuration",
                            "image_id": "ami-7114c909",
                            "instance_type": "t2.medium",
                            "key_name": "ecs-key",
                            "name": "mesh-ecs-launch-configuration",
                            "root_block_device.#": "0",
                            "security_groups.#": "1",
                            "security_groups.2369533208": "sg-28bec454",
                            "spot_price": "",
                            "user_data": "7a9430f80f755a8e51934da141c26868985260ff",
                            "vpc_classic_link_id": "",
                            "vpc_classic_link_security_groups.#": "0"
                        },
                        "meta": {},
                        "tainted": false
                    },
                    "deposed": [],
                    "provider": "provider.aws"
                },
                "data.template_file.ecs-launch-configuration-user-data": {
                    "type": "template_file",
                    "depends_on": [],
                    "primary": {
                        "id": "a6dbcc0100edfd4ed83b93131dc24fd051e4aafb2a6aa4fe3e303fcfe94af748",
                        "attributes": {
                            "id": "a6dbcc0100edfd4ed83b93131dc24fd051e4aafb2a6aa4fe3e303fcfe94af748",
                            "rendered": "#!/bin/bash\r\n\r\necho ECS_CLUSTER=mesh-ecs-cluster \u003e /etc/ecs/ecs.config",
                            "template": "#!/bin/bash\r\n\r\necho ECS_CLUSTER=${ecs-cluster-name} \u003e /etc/ecs/ecs.config",
                            "vars.%": "1",
                            "vars.ecs-cluster-name": "mesh-ecs-cluster"
                        },
                        "meta": {},
                        "tainted": false
                    },
                    "deposed": [],
                    "provider": "provider.template"
                }
            },
            "depends_on": []
        },
        {
            "path": [
                "root",
                "ecs"
            ],
            "outputs": {},
            "resources": {
                "aws_ecs_cluster.mesh-ecs-cluster": {
                    "type": "aws_ecs_cluster",
                    "depends_on": [],
                    "primary": {
                        "id": "arn:aws:ecs:us-west-2:404163140135:cluster/mesh-ecs-cluster",
                        "attributes": {
                            "arn": "arn:aws:ecs:us-west-2:404163140135:cluster/mesh-ecs-cluster",
                            "id": "arn:aws:ecs:us-west-2:404163140135:cluster/mesh-ecs-cluster",
                            "name": "mesh-ecs-cluster"
                        },
                        "meta": {},
                        "tainted": false
                    },
                    "deposed": [],
                    "provider": "provider.aws"
                },
                "aws_ecs_service.mesh-ecs-service": {
                    "type": "aws_ecs_service",
                    "depends_on": [
                        "aws_ecs_cluster.mesh-ecs-cluster",
                        "aws_ecs_task_definition.mesh-sample-definition"
                    ],
                    "primary": {
                        "id": "arn:aws:ecs:us-west-2:404163140135:service/mesh-ecs-service",
                        "attributes": {
                            "cluster": "arn:aws:ecs:us-west-2:404163140135:cluster/mesh-ecs-cluster",
                            "deployment_maximum_percent": "100",
                            "deployment_minimum_healthy_percent": "0",
                            "desired_count": "3",
                            "iam_role": "arn:aws:iam::404163140135:role/ecs-service-role",
                            "id": "arn:aws:ecs:us-west-2:404163140135:service/mesh-ecs-service",
                            "launch_type": "EC2",
                            "load_balancer.#": "1",
                            "load_balancer.2527865235.container_name": "simple-app",
                            "load_balancer.2527865235.container_port": "80",
                            "load_balancer.2527865235.elb_name": "",
                            "load_balancer.2527865235.target_group_arn": "arn:aws:elasticloadbalancing:us-west-2:404163140135:targetgroup/mesh-ecs-target-group/beb37c343072ba0a",
                            "name": "mesh-ecs-service",
                            "network_configuration.#": "0",
                            "placement_constraints.#": "0",
                            "placement_strategy.#": "0",
                            "task_definition": "arn:aws:ecs:us-west-2:404163140135:task-definition/mesh-sample-definition:14"
                        },
                        "meta": {},
                        "tainted": false
                    },
                    "deposed": [],
                    "provider": "provider.aws"
                },
                "aws_ecs_task_definition.mesh-sample-definition": {
                    "type": "aws_ecs_task_definition",
                    "depends_on": [],
                    "primary": {
                        "id": "mesh-sample-definition",
                        "attributes": {
                            "arn": "arn:aws:ecs:us-west-2:404163140135:task-definition/mesh-sample-definition:14",
                            "container_definitions": "[{\"cpu\":100,\"entryPoint\":[\"/usr/sbin/apache2\",\"-D\",\"FOREGROUND\"],\"environment\":[],\"essential\":true,\"image\":\"ibuchh/aws-ecs-sample\",\"memory\":500,\"mountPoints\":[],\"name\":\"simple-app\",\"portMappings\":[{\"containerPort\":80,\"hostPort\":80,\"protocol\":\"tcp\"}],\"volumesFrom\":[]}]",
                            "cpu": "",
                            "execution_role_arn": "",
                            "family": "mesh-sample-definition",
                            "id": "mesh-sample-definition",
                            "memory": "",
                            "network_mode": "",
                            "placement_constraints.#": "0",
                            "requires_compatibilities.#": "0",
                            "revision": "14",
                            "task_role_arn": ""
                        },
                        "meta": {
                            "schema_version": "1"
                        },
                        "tainted": false
                    },
                    "deposed": [],
                    "provider": "provider.aws"
                }
            },
            "depends_on": []
        },
        {
            "path": [
                "root",
                "iam"
            ],
            "outputs": {
                "ecs-instance-profile-name": {
                    "sensitive": false,
                    "type": "string",
                    "value": "ecs-instance-profile"
                },
                "ecs-instance-role-name": {
                    "sensitive": false,
                    "type": "string",
                    "value": "ecs-instance-role"
                },
                "ecs-service-role-arn": {
                    "sensitive": false,
                    "type": "string",
                    "value": "arn:aws:iam::404163140135:role/ecs-service-role"
                }
            },
            "resources": {
                "aws_iam_instance_profile.ecs-instance-profile": {
                    "type": "aws_iam_instance_profile",
                    "depends_on": [
                        "aws_iam_role.ecs-instance-role"
                    ],
                    "primary": {
                        "id": "ecs-instance-profile",
                        "attributes": {
                            "arn": "arn:aws:iam::404163140135:instance-profile/ecs-instance-profile",
                            "id": "ecs-instance-profile",
                            "name": "ecs-instance-profile",
                            "path": "/",
                            "role": "ecs-instance-role",
                            "roles.#": "1",
                            "roles.3231179920": "ecs-instance-role",
                            "unique_id": "AIPAJBZA245XGCPXKGMDU"
                        },
                        "meta": {},
                        "tainted": false
                    },
                    "deposed": [],
                    "provider": "provider.aws"
                },
                "aws_iam_role.ecs-instance-role": {
                    "type": "aws_iam_role",
                    "depends_on": [
                        "data.aws_iam_policy_document.ecs-instance-policy"
                    ],
                    "primary": {
                        "id": "ecs-instance-role",
                        "attributes": {
                            "arn": "arn:aws:iam::404163140135:role/ecs-instance-role",
                            "assume_role_policy": "{\"Version\":\"2012-10-17\",\"Statement\":[{\"Sid\":\"\",\"Effect\":\"Allow\",\"Principal\":{\"Service\":\"ec2.amazonaws.com\"},\"Action\":\"sts:AssumeRole\"}]}",
                            "create_date": "2017-12-28T20:40:59Z",
                            "force_detach_policies": "false",
                            "id": "ecs-instance-role",
                            "name": "ecs-instance-role",
                            "path": "/",
                            "unique_id": "AROAIW5OXAEUXFGAGBYW6"
                        },
                        "meta": {},
                        "tainted": false
                    },
                    "deposed": [],
                    "provider": "provider.aws"
                },
                "aws_iam_role.ecs-service-role": {
                    "type": "aws_iam_role",
                    "depends_on": [
                        "data.aws_iam_policy_document.ecs-service-policy"
                    ],
                    "primary": {
                        "id": "ecs-service-role",
                        "attributes": {
                            "arn": "arn:aws:iam::404163140135:role/ecs-service-role",
                            "assume_role_policy": "{\"Version\":\"2012-10-17\",\"Statement\":[{\"Sid\":\"\",\"Effect\":\"Allow\",\"Principal\":{\"Service\":\"ecs.amazonaws.com\"},\"Action\":\"sts:AssumeRole\"}]}",
                            "create_date": "2017-12-28T20:40:59Z",
                            "force_detach_policies": "false",
                            "id": "ecs-service-role",
                            "name": "ecs-service-role",
                            "path": "/",
                            "unique_id": "AROAIM2JOZJZXJHBBU3Q4"
                        },
                        "meta": {},
                        "tainted": false
                    },
                    "deposed": [],
                    "provider": "provider.aws"
                },
                "aws_iam_role_policy_attachment.ecs-instance-role-attachment": {
                    "type": "aws_iam_role_policy_attachment",
                    "depends_on": [
                        "aws_iam_role.ecs-instance-role"
                    ],
                    "primary": {
                        "id": "ecs-instance-role-20171228204059422400000001",
                        "attributes": {
                            "id": "ecs-instance-role-20171228204059422400000001",
                            "policy_arn": "arn:aws:iam::aws:policy/service-role/AmazonEC2ContainerServiceforEC2Role",
                            "role": "ecs-instance-role"
                        },
                        "meta": {},
                        "tainted": false
                    },
                    "deposed": [],
                    "provider": "provider.aws"
                },
                "aws_iam_role_policy_attachment.ecs-service-role-attachment": {
                    "type": "aws_iam_role_policy_attachment",
                    "depends_on": [
                        "aws_iam_role.ecs-service-role"
                    ],
                    "primary": {
                        "id": "ecs-service-role-20171228204059427400000002",
                        "attributes": {
                            "id": "ecs-service-role-20171228204059427400000002",
                            "policy_arn": "arn:aws:iam::aws:policy/service-role/AmazonEC2ContainerServiceRole",
                            "role": "ecs-service-role"
                        },
                        "meta": {},
                        "tainted": false
                    },
                    "deposed": [],
                    "provider": "provider.aws"
                },
                "data.aws_iam_policy_document.ecs-instance-policy": {
                    "type": "aws_iam_policy_document",
                    "depends_on": [],
                    "primary": {
                        "id": "1903849331",
                        "attributes": {
                            "id": "1903849331",
                            "json": "{\n  \"Version\": \"2012-10-17\",\n  \"Statement\": [\n    {\n      \"Sid\": \"\",\n      \"Effect\": \"Allow\",\n      \"Action\": \"sts:AssumeRole\",\n      \"Principal\": {\n        \"Service\": \"ec2.amazonaws.com\"\n      }\n    }\n  ]\n}",
                            "statement.#": "1",
                            "statement.0.actions.#": "1",
                            "statement.0.actions.2528466339": "sts:AssumeRole",
                            "statement.0.condition.#": "0",
                            "statement.0.effect": "Allow",
                            "statement.0.not_actions.#": "0",
                            "statement.0.not_principals.#": "0",
                            "statement.0.not_resources.#": "0",
                            "statement.0.principals.#": "1",
                            "statement.0.principals.1134724139.identifiers.#": "1",
                            "statement.0.principals.1134724139.identifiers.3655884555": "ec2.amazonaws.com",
                            "statement.0.principals.1134724139.type": "Service",
                            "statement.0.resources.#": "0",
                            "statement.0.sid": ""
                        },
                        "meta": {},
                        "tainted": false
                    },
                    "deposed": [],
                    "provider": "provider.aws"
                },
                "data.aws_iam_policy_document.ecs-service-policy": {
                    "type": "aws_iam_policy_document",
                    "depends_on": [],
                    "primary": {
                        "id": "3622649364",
                        "attributes": {
                            "id": "3622649364",
                            "json": "{\n  \"Version\": \"2012-10-17\",\n  \"Statement\": [\n    {\n      \"Sid\": \"\",\n      \"Effect\": \"Allow\",\n      \"Action\": \"sts:AssumeRole\",\n      \"Principal\": {\n        \"Service\": \"ecs.amazonaws.com\"\n      }\n    }\n  ]\n}",
                            "statement.#": "1",
                            "statement.0.actions.#": "1",
                            "statement.0.actions.2528466339": "sts:AssumeRole",
                            "statement.0.condition.#": "0",
                            "statement.0.effect": "Allow",
                            "statement.0.not_actions.#": "0",
                            "statement.0.not_principals.#": "0",
                            "statement.0.not_resources.#": "0",
                            "statement.0.principals.#": "1",
                            "statement.0.principals.1113412664.identifiers.#": "1",
                            "statement.0.principals.1113412664.identifiers.1509832800": "ecs.amazonaws.com",
                            "statement.0.principals.1113412664.type": "Service",
                            "statement.0.resources.#": "0",
                            "statement.0.sid": ""
                        },
                        "meta": {},
                        "tainted": false
                    },
                    "deposed": [],
                    "provider": "provider.aws"
                }
            },
            "depends_on": []
        },
        {
            "path": [
                "root",
                "vpc"
            ],
            "outputs": {
                "id": {
                    "sensitive": false,
                    "type": "string",
                    "value": "vpc-c4eb2fbd"
                },
                "security-group-id": {
                    "sensitive": false,
                    "type": "string",
                    "value": "sg-28bec454"
                },
                "subnet1-id": {
                    "sensitive": false,
                    "type": "string",
                    "value": "subnet-ddb69195"
                },
                "subnet2-id": {
                    "sensitive": false,
                    "type": "string",
                    "value": "subnet-063d3a60"
                }
            },
            "resources": {
                "aws_internet_gateway.mesh-vpc-internet-gateway": {
                    "type": "aws_internet_gateway",
                    "depends_on": [
                        "aws_vpc.mesh-vpc"
                    ],
                    "primary": {
                        "id": "igw-b0f20ad6",
                        "attributes": {
                            "id": "igw-b0f20ad6",
                            "tags.%": "1",
                            "tags.Name": "mesh-vpc-internet-gateway",
                            "vpc_id": "vpc-c4eb2fbd"
                        },
                        "meta": {},
                        "tainted": false
                    },
                    "deposed": [],
                    "provider": "provider.aws"
                },
                "aws_network_acl.mesh-vpc-network-acl": {
                    "type": "aws_network_acl",
                    "depends_on": [
                        "aws_subnet.mesh-vpc-subnet1",
                        "aws_subnet.mesh-vpc-subnet2",
                        "aws_vpc.mesh-vpc"
                    ],
                    "primary": {
                        "id": "acl-9b0472e2",
                        "attributes": {
                            "egress.#": "1",
                            "egress.1401401844.action": "allow",
                            "egress.1401401844.cidr_block": "0.0.0.0/0",
                            "egress.1401401844.from_port": "0",
                            "egress.1401401844.icmp_code": "0",
                            "egress.1401401844.icmp_type": "0",
                            "egress.1401401844.ipv6_cidr_block": "",
                            "egress.1401401844.protocol": "-1",
                            "egress.1401401844.rule_no": "100",
                            "egress.1401401844.to_port": "0",
                            "id": "acl-9b0472e2",
                            "ingress.#": "1",
                            "ingress.1401401844.action": "allow",
                            "ingress.1401401844.cidr_block": "0.0.0.0/0",
                            "ingress.1401401844.from_port": "0",
                            "ingress.1401401844.icmp_code": "0",
                            "ingress.1401401844.icmp_type": "0",
                            "ingress.1401401844.ipv6_cidr_block": "",
                            "ingress.1401401844.protocol": "-1",
                            "ingress.1401401844.rule_no": "100",
                            "ingress.1401401844.to_port": "0",
                            "subnet_ids.#": "2",
                            "subnet_ids.134345839": "subnet-063d3a60",
                            "subnet_ids.483758240": "subnet-ddb69195",
                            "tags.%": "1",
                            "tags.Name": "mesh-vpc-network-acl",
                            "vpc_id": "vpc-c4eb2fbd"
                        },
                        "meta": {},
                        "tainted": false
                    },
                    "deposed": [],
                    "provider": "provider.aws"
                },
                "aws_route_table.mesh-vpc-route-table": {
                    "type": "aws_route_table",
                    "depends_on": [
                        "aws_internet_gateway.mesh-vpc-internet-gateway",
                        "aws_vpc.mesh-vpc"
                    ],
                    "primary": {
                        "id": "rtb-5ca6b225",
                        "attributes": {
                            "id": "rtb-5ca6b225",
                            "propagating_vgws.#": "0",
                            "route.#": "1",
                            "route.4216033442.cidr_block": "0.0.0.0/0",
                            "route.4216033442.egress_only_gateway_id": "",
                            "route.4216033442.gateway_id": "igw-b0f20ad6",
                            "route.4216033442.instance_id": "",
                            "route.4216033442.ipv6_cidr_block": "",
                            "route.4216033442.nat_gateway_id": "",
                            "route.4216033442.network_interface_id": "",
                            "route.4216033442.vpc_peering_connection_id": "",
                            "tags.%": "1",
                            "tags.Name": "mesh-vpc-route-table",
                            "vpc_id": "vpc-c4eb2fbd"
                        },
                        "meta": {},
                        "tainted": false
                    },
                    "deposed": [],
                    "provider": "provider.aws"
                },
                "aws_route_table_association.mesh-vpc-route-table-association1": {
                    "type": "aws_route_table_association",
                    "depends_on": [
                        "aws_route_table.mesh-vpc-route-table",
                        "aws_subnet.mesh-vpc-subnet1"
                    ],
                    "primary": {
                        "id": "rtbassoc-715c390a",
                        "attributes": {
                            "id": "rtbassoc-715c390a",
                            "route_table_id": "rtb-5ca6b225",
                            "subnet_id": "subnet-ddb69195"
                        },
                        "meta": {},
                        "tainted": false
                    },
                    "deposed": [],
                    "provider": "provider.aws"
                },
                "aws_route_table_association.mesh-vpc-route-table-association2": {
                    "type": "aws_route_table_association",
                    "depends_on": [
                        "aws_route_table.mesh-vpc-route-table",
                        "aws_subnet.mesh-vpc-subnet2"
                    ],
                    "primary": {
                        "id": "rtbassoc-fb583d80",
                        "attributes": {
                            "id": "rtbassoc-fb583d80",
                            "route_table_id": "rtb-5ca6b225",
                            "subnet_id": "subnet-063d3a60"
                        },
                        "meta": {},
                        "tainted": false
                    },
                    "deposed": [],
                    "provider": "provider.aws"
                },
                "aws_security_group.mesh-vpc-security-group": {
                    "type": "aws_security_group",
                    "depends_on": [
                        "aws_vpc.mesh-vpc"
                    ],
                    "primary": {
                        "id": "sg-28bec454",
                        "attributes": {
                            "description": "Allow HTTP, HTTPS, and SSH",
                            "egress.#": "1",
                            "egress.482069346.cidr_blocks.#": "1",
                            "egress.482069346.cidr_blocks.0": "0.0.0.0/0",
                            "egress.482069346.description": "",
                            "egress.482069346.from_port": "0",
                            "egress.482069346.ipv6_cidr_blocks.#": "0",
                            "egress.482069346.prefix_list_ids.#": "0",
                            "egress.482069346.protocol": "-1",
                            "egress.482069346.security_groups.#": "0",
                            "egress.482069346.self": "false",
                            "egress.482069346.to_port": "0",
                            "id": "sg-28bec454",
                            "ingress.#": "3",
                            "ingress.2214680975.cidr_blocks.#": "1",
                            "ingress.2214680975.cidr_blocks.0": "0.0.0.0/0",
                            "ingress.2214680975.description": "",
                            "ingress.2214680975.from_port": "80",
                            "ingress.2214680975.ipv6_cidr_blocks.#": "0",
                            "ingress.2214680975.protocol": "tcp",
                            "ingress.2214680975.security_groups.#": "0",
                            "ingress.2214680975.self": "false",
                            "ingress.2214680975.to_port": "80",
                            "ingress.2541437006.cidr_blocks.#": "1",
                            "ingress.2541437006.cidr_blocks.0": "0.0.0.0/0",
                            "ingress.2541437006.description": "",
                            "ingress.2541437006.from_port": "22",
                            "ingress.2541437006.ipv6_cidr_blocks.#": "0",
                            "ingress.2541437006.protocol": "tcp",
                            "ingress.2541437006.security_groups.#": "0",
                            "ingress.2541437006.self": "false",
                            "ingress.2541437006.to_port": "22",
                            "ingress.2617001939.cidr_blocks.#": "1",
                            "ingress.2617001939.cidr_blocks.0": "0.0.0.0/0",
                            "ingress.2617001939.description": "",
                            "ingress.2617001939.from_port": "443",
                            "ingress.2617001939.ipv6_cidr_blocks.#": "0",
                            "ingress.2617001939.protocol": "tcp",
                            "ingress.2617001939.security_groups.#": "0",
                            "ingress.2617001939.self": "false",
                            "ingress.2617001939.to_port": "443",
                            "name": "mesh-vpc-security-group",
                            "owner_id": "404163140135",
                            "revoke_rules_on_delete": "false",
                            "tags.%": "0",
                            "vpc_id": "vpc-c4eb2fbd"
                        },
                        "meta": {
                            "schema_version": "1"
                        },
                        "tainted": false
                    },
                    "deposed": [],
                    "provider": "provider.aws"
                },
                "aws_subnet.mesh-vpc-subnet1": {
                    "type": "aws_subnet",
                    "depends_on": [
                        "aws_vpc.mesh-vpc"
                    ],
                    "primary": {
                        "id": "subnet-ddb69195",
                        "attributes": {
                            "assign_ipv6_address_on_creation": "false",
                            "availability_zone": "us-west-2a",
                            "cidr_block": "10.0.0.0/24",
                            "id": "subnet-ddb69195",
                            "map_public_ip_on_launch": "false",
                            "tags.%": "1",
                            "tags.Name": "mesh-vpc-subnet",
                            "vpc_id": "vpc-c4eb2fbd"
                        },
                        "meta": {
                            "schema_version": "1"
                        },
                        "tainted": false
                    },
                    "deposed": [],
                    "provider": "provider.aws"
                },
                "aws_subnet.mesh-vpc-subnet2": {
                    "type": "aws_subnet",
                    "depends_on": [
                        "aws_vpc.mesh-vpc"
                    ],
                    "primary": {
                        "id": "subnet-063d3a60",
                        "attributes": {
                            "assign_ipv6_address_on_creation": "false",
                            "availability_zone": "us-west-2b",
                            "cidr_block": "10.0.1.0/24",
                            "id": "subnet-063d3a60",
                            "map_public_ip_on_launch": "false",
                            "tags.%": "1",
                            "tags.Name": "mesh-vpc-subnet",
                            "vpc_id": "vpc-c4eb2fbd"
                        },
                        "meta": {
                            "schema_version": "1"
                        },
                        "tainted": false
                    },
                    "deposed": [],
                    "provider": "provider.aws"
                },
                "aws_vpc.mesh-vpc": {
                    "type": "aws_vpc",
                    "depends_on": [],
                    "primary": {
                        "id": "vpc-c4eb2fbd",
                        "attributes": {
                            "assign_generated_ipv6_cidr_block": "false",
                            "cidr_block": "10.0.0.0/16",
                            "default_network_acl_id": "acl-841c6afd",
                            "default_route_table_id": "rtb-45a7b33c",
                            "default_security_group_id": "sg-fcb9c380",
                            "dhcp_options_id": "dopt-c66479a3",
                            "enable_classiclink": "false",
                            "enable_classiclink_dns_support": "false",
                            "enable_dns_hostnames": "true",
                            "enable_dns_support": "true",
                            "id": "vpc-c4eb2fbd",
                            "instance_tenancy": "default",
                            "main_route_table_id": "rtb-45a7b33c",
                            "tags.%": "1",
                            "tags.Name": "mesh-vpc"
                        },
                        "meta": {
                            "schema_version": "1"
                        },
                        "tainted": false
                    },
                    "deposed": [],
                    "provider": "provider.aws"
                }
            },
            "depends_on": []
        }
    ]
}
